
Microsoft Visual Studio Solution File, Format Version 12.00
# Visual Studio 14
VisualStudioVersion = 14.0.25420.1
MinimumVisualStudioVersion = 10.0.40219.1
Project("{FAE04EC0-301F-11D3-BF4B-00C04F79EFBC}") = "AdministradorCervezas", "AdministradorCervezas\AdministradorCervezas.csproj", "{F209743A-0216-4F09-9F91-1E8A2D928859}"
EndProject
Global
	GlobalSection(SolutionConfigurationPlatforms) = preSolution
		Debug|Any CPU = Debug|Any CPU
		Release|Any CPU = Release|Any CPU
	EndGlobalSection
	GlobalSection(ProjectConfigurationPlatforms) = postSolution
		{F209743A-0216-4F09-9F91-1E8A2D928859}.Debug|Any CPU.ActiveCfg = Debug|Any CPU
		{F209743A-0216-4F09-9F91-1E8A2D928859}.Debug|Any CPU.Build.0 = Debug|Any CPU
		{F209743A-0216-4F09-9F91-1E8A2D928859}.Release|Any CPU.ActiveCfg = Release|Any CPU
		{F209743A-0216-4F09-9F91-1E8A2D928859}.Release|Any CPU.Build.0 = Release|Any CPU
	EndGlobalSection
	GlobalSection(SolutionProperties) = preSolution
		HideSolutionNode = FALSE
	EndGlobalSection
EndGlobal
